// !$*UTF8*$!
{
	archiveVersion = 1;
	classes = {
	};
	objectVersion = 46;
	objects = {

/* Begin PBXBuildFile section */
		58BF81F5E95C9EC600386E7F /* libPods-uMessage.a in Frameworks */ = {isa = PBXBuildFile; fileRef = E5496BC4B6AF7E2FB4CB2B59 /* libPods-uMessage.a */; };
		969864651E5C4FE20052D3D8 /* model.json in Resources */ = {isa = PBXBuildFile; fileRef = 969864641E5C4FE20052D3D8 /* model.json */; };
		969864671E5C503F0052D3D8 /* chatModelBlank.json in Resources */ = {isa = PBXBuildFile; fileRef = 969864661E5C503F0052D3D8 /* chatModelBlank.json */; };
		969864731E5DB1020052D3D8 /* TableViewController.m in Sources */ = {isa = PBXBuildFile; fileRef = 969864721E5DB1020052D3D8 /* TableViewController.m */; };
		969864761E603A3A0052D3D8 /* ContactViewController.m in Sources */ = {isa = PBXBuildFile; fileRef = 969864751E603A3A0052D3D8 /* ContactViewController.m */; };
		96FBAF281E5AE7C5007361C4 /* main.m in Sources */ = {isa = PBXBuildFile; fileRef = 96FBAF271E5AE7C5007361C4 /* main.m */; };
		96FBAF2B1E5AE7C5007361C4 /* AppDelegate.m in Sources */ = {isa = PBXBuildFile; fileRef = 96FBAF2A1E5AE7C5007361C4 /* AppDelegate.m */; };
		96FBAF2E1E5AE7C5007361C4 /* RootViewController.m in Sources */ = {isa = PBXBuildFile; fileRef = 96FBAF2D1E5AE7C5007361C4 /* RootViewController.m */; };
		96FBAF311E5AE7C5007361C4 /* DataViewController.m in Sources */ = {isa = PBXBuildFile; fileRef = 96FBAF301E5AE7C5007361C4 /* DataViewController.m */; };
		96FBAF341E5AE7C5007361C4 /* ModelController.m in Sources */ = {isa = PBXBuildFile; fileRef = 96FBAF331E5AE7C5007361C4 /* ModelController.m */; };
		96FBAF371E5AE7C5007361C4 /* Main.storyboard in Resources */ = {isa = PBXBuildFile; fileRef = 96FBAF351E5AE7C5007361C4 /* Main.storyboard */; };
		96FBAF391E5AE7C5007361C4 /* Assets.xcassets in Resources */ = {isa = PBXBuildFile; fileRef = 96FBAF381E5AE7C5007361C4 /* Assets.xcassets */; };
		96FBAF3C1E5AE7C5007361C4 /* LaunchScreen.storyboard in Resources */ = {isa = PBXBuildFile; fileRef = 96FBAF3A1E5AE7C5007361C4 /* LaunchScreen.storyboard */; };
		96FBAF471E5AE7C5007361C4 /* uMessageTests.m in Sources */ = {isa = PBXBuildFile; fileRef = 96FBAF461E5AE7C5007361C4 /* uMessageTests.m */; };
		96FBAF521E5AE7C5007361C4 /* uMessageUITests.m in Sources */ = {isa = PBXBuildFile; fileRef = 96FBAF511E5AE7C5007361C4 /* uMessageUITests.m */; };
		B4068F661E6759A000A48D3E /* BubbleImageChatCell.m in Sources */ = {isa = PBXBuildFile; fileRef = B4068F651E6759A000A48D3E /* BubbleImageChatCell.m */; };
		B4068F691E68342F00A48D3E /* BubbleLocationChatCell.m in Sources */ = {isa = PBXBuildFile; fileRef = B4068F681E68342F00A48D3E /* BubbleLocationChatCell.m */; };
		B444170D1E65B1770060CB1E /* BubbleChatCell.m in Sources */ = {isa = PBXBuildFile; fileRef = B444170B1E65B1770060CB1E /* BubbleChatCell.m */; };
		B4962FAF1E5F04970028580C /* ChatViewController.m in Sources */ = {isa = PBXBuildFile; fileRef = B4962FAE1E5F04970028580C /* ChatViewController.m */; };
		B4D1290E1E5B337B0079972E /* GoogleService-Info.plist in Resources */ = {isa = PBXBuildFile; fileRef = B4D1290D1E5B337B0079972E /* GoogleService-Info.plist */; };
		B4D1290F1E5B337B0079972E /* GoogleService-Info.plist in Resources */ = {isa = PBXBuildFile; fileRef = B4D1290D1E5B337B0079972E /* GoogleService-Info.plist */; };
		B4D129101E5B337B0079972E /* GoogleService-Info.plist in Resources */ = {isa = PBXBuildFile; fileRef = B4D1290D1E5B337B0079972E /* GoogleService-Info.plist */; };
		B4D19EEC1E5DE83700648DC3 /* ChatTableViewCell.m in Sources */ = {isa = PBXBuildFile; fileRef = B4D19EEB1E5DE83700648DC3 /* ChatTableViewCell.m */; };
		B4DA14A61E69C68000047C65 /* Constants.m in Sources */ = {isa = PBXBuildFile; fileRef = B4DA14A51E69C68000047C65 /* Constants.m */; };
		CDC1058288AF5C7882DD74F3 /* libPods-uMessageTests.a in Frameworks */ = {isa = PBXBuildFile; fileRef = A4ECD68E1B5A5FF94C0CD8F0 /* libPods-uMessageTests.a */; };
		FB8CE5735CC9A8075DFA6436 /* libPods-uMessageUITests.a in Frameworks */ = {isa = PBXBuildFile; fileRef = FE0C98E3C607F648B7DDEA44 /* libPods-uMessageUITests.a */; };
/* End PBXBuildFile section */

/* Begin PBXContainerItemProxy section */
		96FBAF431E5AE7C5007361C4 /* PBXContainerItemProxy */ = {
			isa = PBXContainerItemProxy;
			containerPortal = 96FBAF1B1E5AE7C5007361C4 /* Project object */;
			proxyType = 1;
			remoteGlobalIDString = 96FBAF221E5AE7C5007361C4;
			remoteInfo = uMessage;
		};
		96FBAF4E1E5AE7C5007361C4 /* PBXContainerItemProxy */ = {
			isa = PBXContainerItemProxy;
			containerPortal = 96FBAF1B1E5AE7C5007361C4 /* Project object */;
			proxyType = 1;
			remoteGlobalIDString = 96FBAF221E5AE7C5007361C4;
			remoteInfo = uMessage;
		};
/* End PBXContainerItemProxy section */

/* Begin PBXFileReference section */
		0526750D607FA4F50ED5FC07 /* Pods-uMessageTests.debug.xcconfig */ = {isa = PBXFileReference; includeInIndex = 1; lastKnownFileType = text.xcconfig; name = "Pods-uMessageTests.debug.xcconfig"; path = "Pods/Target Support Files/Pods-uMessageTests/Pods-uMessageTests.debug.xcconfig"; sourceTree = "<group>"; };
		13506C36986656FDA43678DF /* Pods-uMessageUITests.debug.xcconfig */ = {isa = PBXFileReference; includeInIndex = 1; lastKnownFileType = text.xcconfig; name = "Pods-uMessageUITests.debug.xcconfig"; path = "Pods/Target Support Files/Pods-uMessageUITests/Pods-uMessageUITests.debug.xcconfig"; sourceTree = "<group>"; };
		4EB9D78EE7FD904C75B3B5C1 /* Pods-uMessage.debug.xcconfig */ = {isa = PBXFileReference; includeInIndex = 1; lastKnownFileType = text.xcconfig; name = "Pods-uMessage.debug.xcconfig"; path = "Pods/Target Support Files/Pods-uMessage/Pods-uMessage.debug.xcconfig"; sourceTree = "<group>"; };
		969864641E5C4FE20052D3D8 /* model.json */ = {isa = PBXFileReference; fileEncoding = 4; lastKnownFileType = text.json; path = model.json; sourceTree = "<group>"; };
		969864661E5C503F0052D3D8 /* chatModelBlank.json */ = {isa = PBXFileReference; fileEncoding = 4; lastKnownFileType = text.json; path = chatModelBlank.json; sourceTree = "<group>"; };
		969864711E5DB1020052D3D8 /* TableViewController.h */ = {isa = PBXFileReference; fileEncoding = 4; lastKnownFileType = sourcecode.c.h; path = TableViewController.h; sourceTree = "<group>"; };
		969864721E5DB1020052D3D8 /* TableViewController.m */ = {isa = PBXFileReference; fileEncoding = 4; lastKnownFileType = sourcecode.c.objc; path = TableViewController.m; sourceTree = "<group>"; };
		969864741E603A3A0052D3D8 /* ContactViewController.h */ = {isa = PBXFileReference; fileEncoding = 4; lastKnownFileType = sourcecode.c.h; path = ContactViewController.h; sourceTree = "<group>"; };
		969864751E603A3A0052D3D8 /* ContactViewController.m */ = {isa = PBXFileReference; fileEncoding = 4; lastKnownFileType = sourcecode.c.objc; path = ContactViewController.m; sourceTree = "<group>"; };
		96FBAF231E5AE7C5007361C4 /* uMessage.app */ = {isa = PBXFileReference; explicitFileType = wrapper.application; includeInIndex = 0; path = uMessage.app; sourceTree = BUILT_PRODUCTS_DIR; };
		96FBAF271E5AE7C5007361C4 /* main.m */ = {isa = PBXFileReference; lastKnownFileType = sourcecode.c.objc; path = main.m; sourceTree = "<group>"; };
		96FBAF291E5AE7C5007361C4 /* AppDelegate.h */ = {isa = PBXFileReference; lastKnownFileType = sourcecode.c.h; path = AppDelegate.h; sourceTree = "<group>"; };
		96FBAF2A1E5AE7C5007361C4 /* AppDelegate.m */ = {isa = PBXFileReference; lastKnownFileType = sourcecode.c.objc; path = AppDelegate.m; sourceTree = "<group>"; };
		96FBAF2C1E5AE7C5007361C4 /* RootViewController.h */ = {isa = PBXFileReference; lastKnownFileType = sourcecode.c.h; path = RootViewController.h; sourceTree = "<group>"; };
		96FBAF2D1E5AE7C5007361C4 /* RootViewController.m */ = {isa = PBXFileReference; lastKnownFileType = sourcecode.c.objc; path = RootViewController.m; sourceTree = "<group>"; };
		96FBAF2F1E5AE7C5007361C4 /* DataViewController.h */ = {isa = PBXFileReference; lastKnownFileType = sourcecode.c.h; path = DataViewController.h; sourceTree = "<group>"; };
		96FBAF301E5AE7C5007361C4 /* DataViewController.m */ = {isa = PBXFileReference; lastKnownFileType = sourcecode.c.objc; path = DataViewController.m; sourceTree = "<group>"; };
		96FBAF321E5AE7C5007361C4 /* ModelController.h */ = {isa = PBXFileReference; lastKnownFileType = sourcecode.c.h; path = ModelController.h; sourceTree = "<group>"; };
		96FBAF331E5AE7C5007361C4 /* ModelController.m */ = {isa = PBXFileReference; lastKnownFileType = sourcecode.c.objc; path = ModelController.m; sourceTree = "<group>"; };
		96FBAF361E5AE7C5007361C4 /* Base */ = {isa = PBXFileReference; lastKnownFileType = file.storyboard; name = Base; path = Base.lproj/Main.storyboard; sourceTree = "<group>"; };
		96FBAF381E5AE7C5007361C4 /* Assets.xcassets */ = {isa = PBXFileReference; lastKnownFileType = folder.assetcatalog; path = Assets.xcassets; sourceTree = "<group>"; };
		96FBAF3B1E5AE7C5007361C4 /* Base */ = {isa = PBXFileReference; lastKnownFileType = file.storyboard; name = Base; path = Base.lproj/LaunchScreen.storyboard; sourceTree = "<group>"; };
		96FBAF3D1E5AE7C5007361C4 /* Info.plist */ = {isa = PBXFileReference; lastKnownFileType = text.plist.xml; path = Info.plist; sourceTree = "<group>"; };
		96FBAF421E5AE7C5007361C4 /* uMessageTests.xctest */ = {isa = PBXFileReference; explicitFileType = wrapper.cfbundle; includeInIndex = 0; path = uMessageTests.xctest; sourceTree = BUILT_PRODUCTS_DIR; };
		96FBAF461E5AE7C5007361C4 /* uMessageTests.m */ = {isa = PBXFileReference; lastKnownFileType = sourcecode.c.objc; path = uMessageTests.m; sourceTree = "<group>"; };
		96FBAF481E5AE7C5007361C4 /* Info.plist */ = {isa = PBXFileReference; lastKnownFileType = text.plist.xml; path = Info.plist; sourceTree = "<group>"; };
		96FBAF4D1E5AE7C5007361C4 /* uMessageUITests.xctest */ = {isa = PBXFileReference; explicitFileType = wrapper.cfbundle; includeInIndex = 0; path = uMessageUITests.xctest; sourceTree = BUILT_PRODUCTS_DIR; };
		96FBAF511E5AE7C5007361C4 /* uMessageUITests.m */ = {isa = PBXFileReference; lastKnownFileType = sourcecode.c.objc; path = uMessageUITests.m; sourceTree = "<group>"; };
		96FBAF531E5AE7C5007361C4 /* Info.plist */ = {isa = PBXFileReference; lastKnownFileType = text.plist.xml; path = Info.plist; sourceTree = "<group>"; };
		A4ECD68E1B5A5FF94C0CD8F0 /* libPods-uMessageTests.a */ = {isa = PBXFileReference; explicitFileType = archive.ar; includeInIndex = 0; path = "libPods-uMessageTests.a"; sourceTree = BUILT_PRODUCTS_DIR; };
		AE4E8F2026C11C3DA7A61E35 /* Pods-uMessage.release.xcconfig */ = {isa = PBXFileReference; includeInIndex = 1; lastKnownFileType = text.xcconfig; name = "Pods-uMessage.release.xcconfig"; path = "Pods/Target Support Files/Pods-uMessage/Pods-uMessage.release.xcconfig"; sourceTree = "<group>"; };
		B4068F641E6759A000A48D3E /* BubbleImageChatCell.h */ = {isa = PBXFileReference; fileEncoding = 4; lastKnownFileType = sourcecode.c.h; path = BubbleImageChatCell.h; sourceTree = "<group>"; };
		B4068F651E6759A000A48D3E /* BubbleImageChatCell.m */ = {isa = PBXFileReference; fileEncoding = 4; lastKnownFileType = sourcecode.c.objc; path = BubbleImageChatCell.m; sourceTree = "<group>"; };
		B4068F671E68342F00A48D3E /* BubbleLocationChatCell.h */ = {isa = PBXFileReference; fileEncoding = 4; lastKnownFileType = sourcecode.c.h; path = BubbleLocationChatCell.h; sourceTree = "<group>"; };
		B4068F681E68342F00A48D3E /* BubbleLocationChatCell.m */ = {isa = PBXFileReference; fileEncoding = 4; lastKnownFileType = sourcecode.c.objc; path = BubbleLocationChatCell.m; sourceTree = "<group>"; };
		B444170A1E65B1770060CB1E /* BubbleChatCell.h */ = {isa = PBXFileReference; fileEncoding = 4; lastKnownFileType = sourcecode.c.h; path = BubbleChatCell.h; sourceTree = "<group>"; };
		B444170B1E65B1770060CB1E /* BubbleChatCell.m */ = {isa = PBXFileReference; fileEncoding = 4; lastKnownFileType = sourcecode.c.objc; path = BubbleChatCell.m; sourceTree = "<group>"; };
		B4962FAD1E5F03C80028580C /* ChatViewController.h */ = {isa = PBXFileReference; fileEncoding = 4; lastKnownFileType = sourcecode.c.h; path = ChatViewController.h; sourceTree = "<group>"; };
		B4962FAE1E5F04970028580C /* ChatViewController.m */ = {isa = PBXFileReference; fileEncoding = 4; lastKnownFileType = sourcecode.c.objc; path = ChatViewController.m; sourceTree = "<group>"; };
		B4D1290D1E5B337B0079972E /* GoogleService-Info.plist */ = {isa = PBXFileReference; fileEncoding = 4; lastKnownFileType = text.plist.xml; path = "GoogleService-Info.plist"; sourceTree = "<group>"; };
		B4D19EEA1E5DE81A00648DC3 /* ChatTableViewCell.h */ = {isa = PBXFileReference; fileEncoding = 4; lastKnownFileType = sourcecode.c.h; path = ChatTableViewCell.h; sourceTree = "<group>"; };
		B4D19EEB1E5DE83700648DC3 /* ChatTableViewCell.m */ = {isa = PBXFileReference; fileEncoding = 4; lastKnownFileType = sourcecode.c.objc; path = ChatTableViewCell.m; sourceTree = "<group>"; };
		B4DA14A41E69C68000047C65 /* Constants.h */ = {isa = PBXFileReference; fileEncoding = 4; lastKnownFileType = sourcecode.c.h; path = Constants.h; sourceTree = "<group>"; };
		B4DA14A51E69C68000047C65 /* Constants.m */ = {isa = PBXFileReference; fileEncoding = 4; lastKnownFileType = sourcecode.c.objc; path = Constants.m; sourceTree = "<group>"; };
		B4E447F193705B8A4A7F3844 /* Pods-uMessageTests.release.xcconfig */ = {isa = PBXFileReference; includeInIndex = 1; lastKnownFileType = text.xcconfig; name = "Pods-uMessageTests.release.xcconfig"; path = "Pods/Target Support Files/Pods-uMessageTests/Pods-uMessageTests.release.xcconfig"; sourceTree = "<group>"; };
		E5496BC4B6AF7E2FB4CB2B59 /* libPods-uMessage.a */ = {isa = PBXFileReference; explicitFileType = archive.ar; includeInIndex = 0; path = "libPods-uMessage.a"; sourceTree = BUILT_PRODUCTS_DIR; };
		EF13F99D827CCC712538E516 /* Pods-uMessageUITests.release.xcconfig */ = {isa = PBXFileReference; includeInIndex = 1; lastKnownFileType = text.xcconfig; name = "Pods-uMessageUITests.release.xcconfig"; path = "Pods/Target Support Files/Pods-uMessageUITests/Pods-uMessageUITests.release.xcconfig"; sourceTree = "<group>"; };
		FE0C98E3C607F648B7DDEA44 /* libPods-uMessageUITests.a */ = {isa = PBXFileReference; explicitFileType = archive.ar; includeInIndex = 0; path = "libPods-uMessageUITests.a"; sourceTree = BUILT_PRODUCTS_DIR; };
/* End PBXFileReference section */

/* Begin PBXFrameworksBuildPhase section */
		96FBAF201E5AE7C5007361C4 /* Frameworks */ = {
			isa = PBXFrameworksBuildPhase;
			buildActionMask = 2147483647;
			files = (
				58BF81F5E95C9EC600386E7F /* libPods-uMessage.a in Frameworks */,
			);
			runOnlyForDeploymentPostprocessing = 0;
		};
		96FBAF3F1E5AE7C5007361C4 /* Frameworks */ = {
			isa = PBXFrameworksBuildPhase;
			buildActionMask = 2147483647;
			files = (
				CDC1058288AF5C7882DD74F3 /* libPods-uMessageTests.a in Frameworks */,
			);
			runOnlyForDeploymentPostprocessing = 0;
		};
		96FBAF4A1E5AE7C5007361C4 /* Frameworks */ = {
			isa = PBXFrameworksBuildPhase;
			buildActionMask = 2147483647;
			files = (
				FB8CE5735CC9A8075DFA6436 /* libPods-uMessageUITests.a in Frameworks */,
			);
			runOnlyForDeploymentPostprocessing = 0;
		};
/* End PBXFrameworksBuildPhase section */

/* Begin PBXGroup section */
		5F4B7867303A1F883071AE2F /* Frameworks */ = {
			isa = PBXGroup;
			children = (
				E5496BC4B6AF7E2FB4CB2B59 /* libPods-uMessage.a */,
				A4ECD68E1B5A5FF94C0CD8F0 /* libPods-uMessageTests.a */,
				FE0C98E3C607F648B7DDEA44 /* libPods-uMessageUITests.a */,
			);
			name = Frameworks;
			sourceTree = "<group>";
		};
		96FBAF1A1E5AE7C5007361C4 = {
			isa = PBXGroup;
			children = (
				96FBAF251E5AE7C5007361C4 /* uMessage */,
				96FBAF451E5AE7C5007361C4 /* uMessageTests */,
				96FBAF501E5AE7C5007361C4 /* uMessageUITests */,
				96FBAF241E5AE7C5007361C4 /* Products */,
				E76DCAF4A7E19BE7BA67D67C /* Pods */,
				5F4B7867303A1F883071AE2F /* Frameworks */,
			);
			sourceTree = "<group>";
		};
		96FBAF241E5AE7C5007361C4 /* Products */ = {
			isa = PBXGroup;
			children = (
				96FBAF231E5AE7C5007361C4 /* uMessage.app */,
				96FBAF421E5AE7C5007361C4 /* uMessageTests.xctest */,
				96FBAF4D1E5AE7C5007361C4 /* uMessageUITests.xctest */,
			);
			name = Products;
			sourceTree = "<group>";
		};
		96FBAF251E5AE7C5007361C4 /* uMessage */ = {
			isa = PBXGroup;
			children = (
				96FBAF291E5AE7C5007361C4 /* AppDelegate.h */,
				96FBAF2A1E5AE7C5007361C4 /* AppDelegate.m */,
				96FBAF2C1E5AE7C5007361C4 /* RootViewController.h */,
				96FBAF2D1E5AE7C5007361C4 /* RootViewController.m */,
				96FBAF2F1E5AE7C5007361C4 /* DataViewController.h */,
				96FBAF301E5AE7C5007361C4 /* DataViewController.m */,
				96FBAF321E5AE7C5007361C4 /* ModelController.h */,
				96FBAF331E5AE7C5007361C4 /* ModelController.m */,
				96FBAF351E5AE7C5007361C4 /* Main.storyboard */,
				B4962FAD1E5F03C80028580C /* ChatViewController.h */,
				B4962FAE1E5F04970028580C /* ChatViewController.m */,
				96FBAF381E5AE7C5007361C4 /* Assets.xcassets */,
				96FBAF3A1E5AE7C5007361C4 /* LaunchScreen.storyboard */,
				96FBAF3D1E5AE7C5007361C4 /* Info.plist */,
				B4D1290D1E5B337B0079972E /* GoogleService-Info.plist */,
				96FBAF261E5AE7C5007361C4 /* Supporting Files */,
				969864711E5DB1020052D3D8 /* TableViewController.h */,
				969864721E5DB1020052D3D8 /* TableViewController.m */,
				B4D19EEA1E5DE81A00648DC3 /* ChatTableViewCell.h */,
				B4D19EEB1E5DE83700648DC3 /* ChatTableViewCell.m */,
				969864741E603A3A0052D3D8 /* ContactViewController.h */,
				969864751E603A3A0052D3D8 /* ContactViewController.m */,
				B4DA14A41E69C68000047C65 /* Constants.h */,
				B4DA14A51E69C68000047C65 /* Constants.m */,
				B4DA14A21E69715C00047C65 /* BubbleChat */,
				B4DA14A31E69C63500047C65 /* Database */,
			);
			path = uMessage;
			sourceTree = "<group>";
		};
		96FBAF261E5AE7C5007361C4 /* Supporting Files */ = {
			isa = PBXGroup;
			children = (
				96FBAF271E5AE7C5007361C4 /* main.m */,
			);
			name = "Supporting Files";
			sourceTree = "<group>";
		};
		96FBAF451E5AE7C5007361C4 /* uMessageTests */ = {
			isa = PBXGroup;
			children = (
				96FBAF461E5AE7C5007361C4 /* uMessageTests.m */,
				96FBAF481E5AE7C5007361C4 /* Info.plist */,
			);
			path = uMessageTests;
			sourceTree = "<group>";
		};
		96FBAF501E5AE7C5007361C4 /* uMessageUITests */ = {
			isa = PBXGroup;
			children = (
				96FBAF511E5AE7C5007361C4 /* uMessageUITests.m */,
				96FBAF531E5AE7C5007361C4 /* Info.plist */,
			);
			path = uMessageUITests;
			sourceTree = "<group>";
		};
		B4DA14A21E69715C00047C65 /* BubbleChat */ = {
			isa = PBXGroup;
			children = (
				B444170A1E65B1770060CB1E /* BubbleChatCell.h */,
				B444170B1E65B1770060CB1E /* BubbleChatCell.m */,
				B4068F641E6759A000A48D3E /* BubbleImageChatCell.h */,
				B4068F651E6759A000A48D3E /* BubbleImageChatCell.m */,
				B4068F671E68342F00A48D3E /* BubbleLocationChatCell.h */,
				B4068F681E68342F00A48D3E /* BubbleLocationChatCell.m */,
			);
			name = BubbleChat;
			sourceTree = "<group>";
		};
		B4DA14A31E69C63500047C65 /* Database */ = {
			isa = PBXGroup;
			children = (
				969864641E5C4FE20052D3D8 /* model.json */,
				969864661E5C503F0052D3D8 /* chatModelBlank.json */,
			);
			name = Database;
			sourceTree = "<group>";
		};
		E76DCAF4A7E19BE7BA67D67C /* Pods */ = {
			isa = PBXGroup;
			children = (
				4EB9D78EE7FD904C75B3B5C1 /* Pods-uMessage.debug.xcconfig */,
				AE4E8F2026C11C3DA7A61E35 /* Pods-uMessage.release.xcconfig */,
				0526750D607FA4F50ED5FC07 /* Pods-uMessageTests.debug.xcconfig */,
				B4E447F193705B8A4A7F3844 /* Pods-uMessageTests.release.xcconfig */,
				13506C36986656FDA43678DF /* Pods-uMessageUITests.debug.xcconfig */,
				EF13F99D827CCC712538E516 /* Pods-uMessageUITests.release.xcconfig */,
			);
			name = Pods;
			sourceTree = "<group>";
		};
/* End PBXGroup section */

/* Begin PBXNativeTarget section */
		96FBAF221E5AE7C5007361C4 /* uMessage */ = {
			isa = PBXNativeTarget;
			buildConfigurationList = 96FBAF561E5AE7C5007361C4 /* Build configuration list for PBXNativeTarget "uMessage" */;
			buildPhases = (
				96CBD5298196B4E1B4B1BB99 /* [CP] Check Pods Manifest.lock */,
				96FBAF1F1E5AE7C5007361C4 /* Sources */,
				96FBAF201E5AE7C5007361C4 /* Frameworks */,
				96FBAF211E5AE7C5007361C4 /* Resources */,
				6740BE0CB4CE4AB91164E6D7 /* [CP] Embed Pods Frameworks */,
				5176F658792C5660D303B1A6 /* [CP] Copy Pods Resources */,
			);
			buildRules = (
			);
			dependencies = (
			);
			name = uMessage;
			productName = uMessage;
			productReference = 96FBAF231E5AE7C5007361C4 /* uMessage.app */;
			productType = "com.apple.product-type.application";
		};
		96FBAF411E5AE7C5007361C4 /* uMessageTests */ = {
			isa = PBXNativeTarget;
			buildConfigurationList = 96FBAF591E5AE7C5007361C4 /* Build configuration list for PBXNativeTarget "uMessageTests" */;
			buildPhases = (
				075124A3B4562F26DB55FCEA /* [CP] Check Pods Manifest.lock */,
				96FBAF3E1E5AE7C5007361C4 /* Sources */,
				96FBAF3F1E5AE7C5007361C4 /* Frameworks */,
				96FBAF401E5AE7C5007361C4 /* Resources */,
				54B1124A58203D4B9EAACF5B /* [CP] Embed Pods Frameworks */,
				1E9B4469443FB8C9B1323A3C /* [CP] Copy Pods Resources */,
			);
			buildRules = (
			);
			dependencies = (
				96FBAF441E5AE7C5007361C4 /* PBXTargetDependency */,
			);
			name = uMessageTests;
			productName = uMessageTests;
			productReference = 96FBAF421E5AE7C5007361C4 /* uMessageTests.xctest */;
			productType = "com.apple.product-type.bundle.unit-test";
		};
		96FBAF4C1E5AE7C5007361C4 /* uMessageUITests */ = {
			isa = PBXNativeTarget;
			buildConfigurationList = 96FBAF5C1E5AE7C5007361C4 /* Build configuration list for PBXNativeTarget "uMessageUITests" */;
			buildPhases = (
				C308913F69B4D55887D6FD15 /* [CP] Check Pods Manifest.lock */,
				96FBAF491E5AE7C5007361C4 /* Sources */,
				96FBAF4A1E5AE7C5007361C4 /* Frameworks */,
				96FBAF4B1E5AE7C5007361C4 /* Resources */,
				D6C9313D0606A04239EB6FAC /* [CP] Embed Pods Frameworks */,
				F5C2F6551E1039BAB6B7269F /* [CP] Copy Pods Resources */,
			);
			buildRules = (
			);
			dependencies = (
				96FBAF4F1E5AE7C5007361C4 /* PBXTargetDependency */,
			);
			name = uMessageUITests;
			productName = uMessageUITests;
			productReference = 96FBAF4D1E5AE7C5007361C4 /* uMessageUITests.xctest */;
			productType = "com.apple.product-type.bundle.ui-testing";
		};
/* End PBXNativeTarget section */

/* Begin PBXProject section */
		96FBAF1B1E5AE7C5007361C4 /* Project object */ = {
			isa = PBXProject;
			attributes = {
				LastUpgradeCheck = 0820;
				ORGANIZATIONNAME = Codecamp;
				TargetAttributes = {
					96FBAF221E5AE7C5007361C4 = {
						CreatedOnToolsVersion = 8.2.1;
						ProvisioningStyle = Automatic;
					};
					96FBAF411E5AE7C5007361C4 = {
						CreatedOnToolsVersion = 8.2.1;
						ProvisioningStyle = Automatic;
						TestTargetID = 96FBAF221E5AE7C5007361C4;
					};
					96FBAF4C1E5AE7C5007361C4 = {
						CreatedOnToolsVersion = 8.2.1;
						ProvisioningStyle = Automatic;
						TestTargetID = 96FBAF221E5AE7C5007361C4;
					};
				};
			};
			buildConfigurationList = 96FBAF1E1E5AE7C5007361C4 /* Build configuration list for PBXProject "uMessage" */;
			compatibilityVersion = "Xcode 3.2";
			developmentRegion = English;
			hasScannedForEncodings = 0;
			knownRegions = (
				en,
				Base,
			);
			mainGroup = 96FBAF1A1E5AE7C5007361C4;
			productRefGroup = 96FBAF241E5AE7C5007361C4 /* Products */;
			projectDirPath = "";
			projectRoot = "";
			targets = (
				96FBAF221E5AE7C5007361C4 /* uMessage */,
				96FBAF411E5AE7C5007361C4 /* uMessageTests */,
				96FBAF4C1E5AE7C5007361C4 /* uMessageUITests */,
			);
		};
/* End PBXProject section */

/* Begin PBXResourcesBuildPhase section */
		96FBAF211E5AE7C5007361C4 /* Resources */ = {
			isa = PBXResourcesBuildPhase;
			buildActionMask = 2147483647;
			files = (
				96FBAF3C1E5AE7C5007361C4 /* LaunchScreen.storyboard in Resources */,
				969864671E5C503F0052D3D8 /* chatModelBlank.json in Resources */,
				B4D1290E1E5B337B0079972E /* GoogleService-Info.plist in Resources */,
				96FBAF391E5AE7C5007361C4 /* Assets.xcassets in Resources */,
				969864651E5C4FE20052D3D8 /* model.json in Resources */,
				96FBAF371E5AE7C5007361C4 /* Main.storyboard in Resources */,
			);
			runOnlyForDeploymentPostprocessing = 0;
		};
		96FBAF401E5AE7C5007361C4 /* Resources */ = {
			isa = PBXResourcesBuildPhase;
			buildActionMask = 2147483647;
			files = (
				B4D1290F1E5B337B0079972E /* GoogleService-Info.plist in Resources */,
			);
			runOnlyForDeploymentPostprocessing = 0;
		};
		96FBAF4B1E5AE7C5007361C4 /* Resources */ = {
			isa = PBXResourcesBuildPhase;
			buildActionMask = 2147483647;
			files = (
				B4D129101E5B337B0079972E /* GoogleService-Info.plist in Resources */,
			);
			runOnlyForDeploymentPostprocessing = 0;
		};
/* End PBXResourcesBuildPhase section */

/* Begin PBXShellScriptBuildPhase section */
		075124A3B4562F26DB55FCEA /* [CP] Check Pods Manifest.lock */ = {
			isa = PBXShellScriptBuildPhase;
			buildActionMask = 2147483647;
			files = (
			);
			inputPaths = (
			);
			name = "[CP] Check Pods Manifest.lock";
			outputPaths = (
			);
			runOnlyForDeploymentPostprocessing = 0;
			shellPath = /bin/sh;
			shellScript = "diff \"${PODS_ROOT}/../Podfile.lock\" \"${PODS_ROOT}/Manifest.lock\" > /dev/null\nif [ $? != 0 ] ; then\n    # print error to STDERR\n    echo \"error: The sandbox is not in sync with the Podfile.lock. Run 'pod install' or update your CocoaPods installation.\" >&2\n    exit 1\nfi\n";
			showEnvVarsInLog = 0;
		};
		1E9B4469443FB8C9B1323A3C /* [CP] Copy Pods Resources */ = {
			isa = PBXShellScriptBuildPhase;
			buildActionMask = 2147483647;
			files = (
			);
			inputPaths = (
			);
			name = "[CP] Copy Pods Resources";
			outputPaths = (
			);
			runOnlyForDeploymentPostprocessing = 0;
			shellPath = /bin/sh;
			shellScript = "\"${SRCROOT}/Pods/Target Support Files/Pods-uMessageTests/Pods-uMessageTests-resources.sh\"\n";
			showEnvVarsInLog = 0;
		};
		5176F658792C5660D303B1A6 /* [CP] Copy Pods Resources */ = {
			isa = PBXShellScriptBuildPhase;
			buildActionMask = 2147483647;
			files = (
			);
			inputPaths = (
			);
			name = "[CP] Copy Pods Resources";
			outputPaths = (
			);
			runOnlyForDeploymentPostprocessing = 0;
			shellPath = /bin/sh;
			shellScript = "\"${SRCROOT}/Pods/Target Support Files/Pods-uMessage/Pods-uMessage-resources.sh\"\n";
			showEnvVarsInLog = 0;
		};
		54B1124A58203D4B9EAACF5B /* [CP] Embed Pods Frameworks */ = {
			isa = PBXShellScriptBuildPhase;
			buildActionMask = 2147483647;
			files = (
			);
			inputPaths = (
			);
			name = "[CP] Embed Pods Frameworks";
			outputPaths = (
			);
			runOnlyForDeploymentPostprocessing = 0;
			shellPath = /bin/sh;
			shellScript = "\"${SRCROOT}/Pods/Target Support Files/Pods-uMessageTests/Pods-uMessageTests-frameworks.sh\"\n";
			showEnvVarsInLog = 0;
		};
		6740BE0CB4CE4AB91164E6D7 /* [CP] Embed Pods Frameworks */ = {
			isa = PBXShellScriptBuildPhase;
			buildActionMask = 2147483647;
			files = (
			);
			inputPaths = (
			);
			name = "[CP] Embed Pods Frameworks";
			outputPaths = (
			);
			runOnlyForDeploymentPostprocessing = 0;
			shellPath = /bin/sh;
			shellScript = "\"${SRCROOT}/Pods/Target Support Files/Pods-uMessage/Pods-uMessage-frameworks.sh\"\n";
			showEnvVarsInLog = 0;
		};
		96CBD5298196B4E1B4B1BB99 /* [CP] Check Pods Manifest.lock */ = {
			isa = PBXShellScriptBuildPhase;
			buildActionMask = 2147483647;
			files = (
			);
			inputPaths = (
			);
			name = "[CP] Check Pods Manifest.lock";
			outputPaths = (
			);
			runOnlyForDeploymentPostprocessing = 0;
			shellPath = /bin/sh;
			shellScript = "diff \"${PODS_ROOT}/../Podfile.lock\" \"${PODS_ROOT}/Manifest.lock\" > /dev/null\nif [ $? != 0 ] ; then\n    # print error to STDERR\n    echo \"error: The sandbox is not in sync with the Podfile.lock. Run 'pod install' or update your CocoaPods installation.\" >&2\n    exit 1\nfi\n";
			showEnvVarsInLog = 0;
		};
		C308913F69B4D55887D6FD15 /* [CP] Check Pods Manifest.lock */ = {
			isa = PBXShellScriptBuildPhase;
			buildActionMask = 2147483647;
			files = (
			);
			inputPaths = (
			);
			name = "[CP] Check Pods Manifest.lock";
			outputPaths = (
			);
			runOnlyForDeploymentPostprocessing = 0;
			shellPath = /bin/sh;
			shellScript = "diff \"${PODS_ROOT}/../Podfile.lock\" \"${PODS_ROOT}/Manifest.lock\" > /dev/null\nif [ $? != 0 ] ; then\n    # print error to STDERR\n    echo \"error: The sandbox is not in sync with the Podfile.lock. Run 'pod install' or update your CocoaPods installation.\" >&2\n    exit 1\nfi\n";
			showEnvVarsInLog = 0;
		};
		D6C9313D0606A04239EB6FAC /* [CP] Embed Pods Frameworks */ = {
			isa = PBXShellScriptBuildPhase;
			buildActionMask = 2147483647;
			files = (
			);
			inputPaths = (
			);
			name = "[CP] Embed Pods Frameworks";
			outputPaths = (
			);
			runOnlyForDeploymentPostprocessing = 0;
			shellPath = /bin/sh;
			shellScript = "\"${SRCROOT}/Pods/Target Support Files/Pods-uMessageUITests/Pods-uMessageUITests-frameworks.sh\"\n";
			showEnvVarsInLog = 0;
		};
		F5C2F6551E1039BAB6B7269F /* [CP] Copy Pods Resources */ = {
			isa = PBXShellScriptBuildPhase;
			buildActionMask = 2147483647;
			files = (
			);
			inputPaths = (
			);
			name = "[CP] Copy Pods Resources";
			outputPaths = (
			);
			runOnlyForDeploymentPostprocessing = 0;
			shellPath = /bin/sh;
			shellScript = "\"${SRCROOT}/Pods/Target Support Files/Pods-uMessageUITests/Pods-uMessageUITests-resources.sh\"\n";
			showEnvVarsInLog = 0;
		};
/* End PBXShellScriptBuildPhase section */

/* Begin PBXSourcesBuildPhase section */
		96FBAF1F1E5AE7C5007361C4 /* Sources */ = {
			isa = PBXSourcesBuildPhase;
			buildActionMask = 2147483647;
			files = (
				96FBAF311E5AE7C5007361C4 /* DataViewController.m in Sources */,
				969864731E5DB1020052D3D8 /* TableViewController.m in Sources */,
				96FBAF2B1E5AE7C5007361C4 /* AppDelegate.m in Sources */,
				B444170D1E65B1770060CB1E /* BubbleChatCell.m in Sources */,
				B4068F691E68342F00A48D3E /* BubbleLocationChatCell.m in Sources */,
				B4D19EEC1E5DE83700648DC3 /* ChatTableViewCell.m in Sources */,
				969864761E603A3A0052D3D8 /* ContactViewController.m in Sources */,
				B4DA14A61E69C68000047C65 /* Constants.m in Sources */,
				B4068F661E6759A000A48D3E /* BubbleImageChatCell.m in Sources */,
				96FBAF341E5AE7C5007361C4 /* ModelController.m in Sources */,
				96FBAF281E5AE7C5007361C4 /* main.m in Sources */,
				B4962FAF1E5F04970028580C /* ChatViewController.m in Sources */,
				96FBAF2E1E5AE7C5007361C4 /* RootViewController.m in Sources */,
			);
			runOnlyForDeploymentPostprocessing = 0;
		};
		96FBAF3E1E5AE7C5007361C4 /* Sources */ = {
			isa = PBXSourcesBuildPhase;
			buildActionMask = 2147483647;
			files = (
				96FBAF471E5AE7C5007361C4 /* uMessageTests.m in Sources */,
			);
			runOnlyForDeploymentPostprocessing = 0;
		};
		96FBAF491E5AE7C5007361C4 /* Sources */ = {
			isa = PBXSourcesBuildPhase;
			buildActionMask = 2147483647;
			files = (
				96FBAF521E5AE7C5007361C4 /* uMessageUITests.m in Sources */,
			);
			runOnlyForDeploymentPostprocessing = 0;
		};
/* End PBXSourcesBuildPhase section */

/* Begin PBXTargetDependency section */
		96FBAF441E5AE7C5007361C4 /* PBXTargetDependency */ = {
			isa = PBXTargetDependency;
			target = 96FBAF221E5AE7C5007361C4 /* uMessage */;
			targetProxy = 96FBAF431E5AE7C5007361C4 /* PBXContainerItemProxy */;
		};
		96FBAF4F1E5AE7C5007361C4 /* PBXTargetDependency */ = {
			isa = PBXTargetDependency;
			target = 96FBAF221E5AE7C5007361C4 /* uMessage */;
			targetProxy = 96FBAF4E1E5AE7C5007361C4 /* PBXContainerItemProxy */;
		};
/* End PBXTargetDependency section */

/* Begin PBXVariantGroup section */
		96FBAF351E5AE7C5007361C4 /* Main.storyboard */ = {
			isa = PBXVariantGroup;
			children = (
				96FBAF361E5AE7C5007361C4 /* Base */,
			);
			name = Main.storyboard;
			sourceTree = "<group>";
		};
		96FBAF3A1E5AE7C5007361C4 /* LaunchScreen.storyboard */ = {
			isa = PBXVariantGroup;
			children = (
				96FBAF3B1E5AE7C5007361C4 /* Base */,
			);
			name = LaunchScreen.storyboard;
			sourceTree = "<group>";
		};
/* End PBXVariantGroup section */

/* Begin XCBuildConfiguration section */
		96FBAF541E5AE7C5007361C4 /* Debug */ = {
			isa = XCBuildConfiguration;
			buildSettings = {
				ALWAYS_SEARCH_USER_PATHS = NO;
				CLANG_ANALYZER_NONNULL = YES;
				CLANG_CXX_LANGUAGE_STANDARD = "gnu++0x";
				CLANG_CXX_LIBRARY = "libc++";
				CLANG_ENABLE_MODULES = YES;
				CLANG_ENABLE_OBJC_ARC = YES;
				CLANG_WARN_BOOL_CONVERSION = YES;
				CLANG_WARN_CONSTANT_CONVERSION = YES;
				CLANG_WARN_DIRECT_OBJC_ISA_USAGE = YES_ERROR;
				CLANG_WARN_DOCUMENTATION_COMMENTS = YES;
				CLANG_WARN_EMPTY_BODY = YES;
				CLANG_WARN_ENUM_CONVERSION = YES;
				CLANG_WARN_INFINITE_RECURSION = YES;
				CLANG_WARN_INT_CONVERSION = YES;
				CLANG_WARN_OBJC_ROOT_CLASS = YES_ERROR;
				CLANG_WARN_SUSPICIOUS_MOVE = YES;
				CLANG_WARN_UNREACHABLE_CODE = YES;
				CLANG_WARN__DUPLICATE_METHOD_MATCH = YES;
				"CODE_SIGN_IDENTITY[sdk=iphoneos*]" = "iPhone Developer";
				COPY_PHASE_STRIP = NO;
				DEBUG_INFORMATION_FORMAT = dwarf;
				ENABLE_STRICT_OBJC_MSGSEND = YES;
				ENABLE_TESTABILITY = YES;
				GCC_C_LANGUAGE_STANDARD = gnu99;
				GCC_DYNAMIC_NO_PIC = NO;
				GCC_NO_COMMON_BLOCKS = YES;
				GCC_OPTIMIZATION_LEVEL = 0;
				GCC_PREPROCESSOR_DEFINITIONS = (
					"DEBUG=1",
					"$(inherited)",
				);
				GCC_WARN_64_TO_32_BIT_CONVERSION = YES;
				GCC_WARN_ABOUT_RETURN_TYPE = YES_ERROR;
				GCC_WARN_UNDECLARED_SELECTOR = YES;
				GCC_WARN_UNINITIALIZED_AUTOS = YES_AGGRESSIVE;
				GCC_WARN_UNUSED_FUNCTION = YES;
				GCC_WARN_UNUSED_VARIABLE = YES;
				IPHONEOS_DEPLOYMENT_TARGET = 10.2;
				MTL_ENABLE_DEBUG_INFO = YES;
				ONLY_ACTIVE_ARCH = YES;
				SDKROOT = iphoneos;
			};
			name = Debug;
		};
		96FBAF551E5AE7C5007361C4 /* Release */ = {
			isa = XCBuildConfiguration;
			buildSettings = {
				ALWAYS_SEARCH_USER_PATHS = NO;
				CLANG_ANALYZER_NONNULL = YES;
				CLANG_CXX_LANGUAGE_STANDARD = "gnu++0x";
				CLANG_CXX_LIBRARY = "libc++";
				CLANG_ENABLE_MODULES = YES;
				CLANG_ENABLE_OBJC_ARC = YES;
				CLANG_WARN_BOOL_CONVERSION = YES;
				CLANG_WARN_CONSTANT_CONVERSION = YES;
				CLANG_WARN_DIRECT_OBJC_ISA_USAGE = YES_ERROR;
				CLANG_WARN_DOCUMENTATION_COMMENTS = YES;
				CLANG_WARN_EMPTY_BODY = YES;
				CLANG_WARN_ENUM_CONVERSION = YES;
				CLANG_WARN_INFINITE_RECURSION = YES;
				CLANG_WARN_INT_CONVERSION = YES;
				CLANG_WARN_OBJC_ROOT_CLASS = YES_ERROR;
				CLANG_WARN_SUSPICIOUS_MOVE = YES;
				CLANG_WARN_UNREACHABLE_CODE = YES;
				CLANG_WARN__DUPLICATE_METHOD_MATCH = YES;
				"CODE_SIGN_IDENTITY[sdk=iphoneos*]" = "iPhone Developer";
				COPY_PHASE_STRIP = NO;
				DEBUG_INFORMATION_FORMAT = "dwarf-with-dsym";
				ENABLE_NS_ASSERTIONS = NO;
				ENABLE_STRICT_OBJC_MSGSEND = YES;
				GCC_C_LANGUAGE_STANDARD = gnu99;
				GCC_NO_COMMON_BLOCKS = YES;
				GCC_WARN_64_TO_32_BIT_CONVERSION = YES;
				GCC_WARN_ABOUT_RETURN_TYPE = YES_ERROR;
				GCC_WARN_UNDECLARED_SELECTOR = YES;
				GCC_WARN_UNINITIALIZED_AUTOS = YES_AGGRESSIVE;
				GCC_WARN_UNUSED_FUNCTION = YES;
				GCC_WARN_UNUSED_VARIABLE = YES;
				IPHONEOS_DEPLOYMENT_TARGET = 10.2;
				MTL_ENABLE_DEBUG_INFO = NO;
				SDKROOT = iphoneos;
				VALIDATE_PRODUCT = YES;
			};
			name = Release;
		};
		96FBAF571E5AE7C5007361C4 /* Debug */ = {
			isa = XCBuildConfiguration;
			baseConfigurationReference = 4EB9D78EE7FD904C75B3B5C1 /* Pods-uMessage.debug.xcconfig */;
			buildSettings = {
				ASSETCATALOG_COMPILER_APPICON_NAME = AppIcon;
				DEVELOPMENT_TEAM = "";
				INFOPLIST_FILE = uMessage/Info.plist;
				LD_RUNPATH_SEARCH_PATHS = "$(inherited) @executable_path/Frameworks";
				PRODUCT_BUNDLE_IDENTIFIER = "de.uni-kassel.eecs.comtec.uMessage";
				PRODUCT_NAME = "$(TARGET_NAME)";
			};
			name = Debug;
		};
		96FBAF581E5AE7C5007361C4 /* Release */ = {
			isa = XCBuildConfiguration;
			baseConfigurationReference = AE4E8F2026C11C3DA7A61E35 /* Pods-uMessage.release.xcconfig */;
			buildSettings = {
				ASSETCATALOG_COMPILER_APPICON_NAME = AppIcon;
				DEVELOPMENT_TEAM = "";
				INFOPLIST_FILE = uMessage/Info.plist;
				LD_RUNPATH_SEARCH_PATHS = "$(inherited) @executable_path/Frameworks";
				PRODUCT_BUNDLE_IDENTIFIER = "de.uni-kassel.eecs.comtec.uMessage";
				PRODUCT_NAME = "$(TARGET_NAME)";
			};
			name = Release;
		};
		96FBAF5A1E5AE7C5007361C4 /* Debug */ = {
			isa = XCBuildConfiguration;
			baseConfigurationReference = 0526750D607FA4F50ED5FC07 /* Pods-uMessageTests.debug.xcconfig */;
			buildSettings = {
				BUNDLE_LOADER = "$(TEST_HOST)";
				INFOPLIST_FILE = uMessageTests/Info.plist;
				LD_RUNPATH_SEARCH_PATHS = "$(inherited) @executable_path/Frameworks @loader_path/Frameworks";
				PRODUCT_BUNDLE_IDENTIFIER = "de.uni-kassel.eecs.comtec.uMessageTests";
				PRODUCT_NAME = "$(TARGET_NAME)";
				TEST_HOST = "$(BUILT_PRODUCTS_DIR)/uMessage.app/uMessage";
			};
			name = Debug;
		};
		96FBAF5B1E5AE7C5007361C4 /* Release */ = {
			isa = XCBuildConfiguration;
			baseConfigurationReference = B4E447F193705B8A4A7F3844 /* Pods-uMessageTests.release.xcconfig */;
			buildSettings = {
				BUNDLE_LOADER = "$(TEST_HOST)";
				INFOPLIST_FILE = uMessageTests/Info.plist;
				LD_RUNPATH_SEARCH_PATHS = "$(inherited) @executable_path/Frameworks @loader_path/Frameworks";
				PRODUCT_BUNDLE_IDENTIFIER = "de.uni-kassel.eecs.comtec.uMessageTests";
				PRODUCT_NAME = "$(TARGET_NAME)";
				TEST_HOST = "$(BUILT_PRODUCTS_DIR)/uMessage.app/uMessage";
			};
			name = Release;
		};
		96FBAF5D1E5AE7C5007361C4 /* Debug */ = {
			isa = XCBuildConfiguration;
			baseConfigurationReference = 13506C36986656FDA43678DF /* Pods-uMessageUITests.debug.xcconfig */;
			buildSettings = {
				INFOPLIST_FILE = uMessageUITests/Info.plist;
				LD_RUNPATH_SEARCH_PATHS = "$(inherited) @executable_path/Frameworks @loader_path/Frameworks";
				PRODUCT_BUNDLE_IDENTIFIER = "de.uni-kassel.eecs.comtec.uMessageUITests";
				PRODUCT_NAME = "$(TARGET_NAME)";
				TEST_TARGET_NAME = uMessage;
			};
			name = Debug;
		};
		96FBAF5E1E5AE7C5007361C4 /* Release */ = {
			isa = XCBuildConfiguration;
			baseConfigurationReference = EF13F99D827CCC712538E516 /* Pods-uMessageUITests.release.xcconfig */;
			buildSettings = {
				INFOPLIST_FILE = uMessageUITests/Info.plist;
				LD_RUNPATH_SEARCH_PATHS = "$(inherited) @executable_path/Frameworks @loader_path/Frameworks";
				PRODUCT_BUNDLE_IDENTIFIER = "de.uni-kassel.eecs.comtec.uMessageUITests";
				PRODUCT_NAME = "$(TARGET_NAME)";
				TEST_TARGET_NAME = uMessage;
			};
			name = Release;
		};
/* End XCBuildConfiguration section */

/* Begin XCConfigurationList section */
		96FBAF1E1E5AE7C5007361C4 /* Build configuration list for PBXProject "uMessage" */ = {
			isa = XCConfigurationList;
			buildConfigurations = (
				96FBAF541E5AE7C5007361C4 /* Debug */,
				96FBAF551E5AE7C5007361C4 /* Release */,
			);
			defaultConfigurationIsVisible = 0;
			defaultConfigurationName = Release;
		};
		96FBAF561E5AE7C5007361C4 /* Build configuration list for PBXNativeTarget "uMessage" */ = {
			isa = XCConfigurationList;
			buildConfigurations = (
				96FBAF571E5AE7C5007361C4 /* Debug */,
				96FBAF581E5AE7C5007361C4 /* Release */,
			);
			defaultConfigurationIsVisible = 0;
			defaultConfigurationName = Release;
		};
		96FBAF591E5AE7C5007361C4 /* Build configuration list for PBXNativeTarget "uMessageTests" */ = {
			isa = XCConfigurationList;
			buildConfigurations = (
				96FBAF5A1E5AE7C5007361C4 /* Debug */,
				96FBAF5B1E5AE7C5007361C4 /* Release */,
			);
			defaultConfigurationIsVisible = 0;
			defaultConfigurationName = Release;
		};
		96FBAF5C1E5AE7C5007361C4 /* Build configuration list for PBXNativeTarget "uMessageUITests" */ = {
			isa = XCConfigurationList;
			buildConfigurations = (
				96FBAF5D1E5AE7C5007361C4 /* Debug */,
				96FBAF5E1E5AE7C5007361C4 /* Release */,
			);
			defaultConfigurationIsVisible = 0;
			defaultConfigurationName = Release;
		};
/* End XCConfigurationList section */
	};
	rootObject = 96FBAF1B1E5AE7C5007361C4 /* Project object */;
}
